{
  "object": {
    "pins": [
      {
        "package": "Alamofire",
        "repositoryURL": "https://github.com/thinkaboutiter/Alamofire",
        "state": {
          "branch": null,
          "revision": "2777659076fda38bd4e487739ee331c7a65b5924",
          "version": "5.2.1"
        }
      },
      {
        "package": "SimpleLogger",
        "repositoryURL": "https://github.com/thinkaboutiter/SimpleLogger.git",
        "state": {
          "branch": null,
          "revision": "c5cace7eb070a424500567ed14623958d7fa5511",
          "version": "2.4.4"
        }
      },
      {
        "package": "SWXMLHash",
        "repositoryURL": "https://github.com/thinkaboutiter/SWXMLHash",
        "state": {
          "branch": null,
          "revision": "a4931e5c3bafbedeb1601d3bb76bbe835c6d475a",
          "version": "5.0.1"
        }
      }
    ]
  },
  "version": 1
}
