{
  "object": {
    "pins": [
      {
        "package": "Alamofire",
        "repositoryURL": "https://github.com/thinkaboutiter/Alamofire",
        "state": {
          "branch": null,
          "revision": "9e0328127dfb801cefe8ac53a13c0c90a7770448",
          "version": "5.4.0"
        }
      },
      {
        "package": "SimpleLogger",
        "repositoryURL": "https://github.com/thinkaboutiter/SimpleLogger.git",
        "state": {
          "branch": null,
          "revision": "6b6f4c6fe99df50f8605bf1bca2ee9aa12d01cfa",
          "version": "2.4.5"
        }
      },
      {
        "package": "SWXMLHash",
        "repositoryURL": "https://github.com/thinkaboutiter/SWXMLHash",
        "state": {
          "branch": null,
          "revision": "a4931e5c3bafbedeb1601d3bb76bbe835c6d475a",
          "version": "5.0.1"
        }
      }
    ]
  },
  "version": 1
}
